{
    "_readme": [
        "This file locks the dependencies of your project to a known state",
        "Read more about it at https://getcomposer.org/doc/01-basic-usage.md#installing-dependencies",
        "This file is @generated automatically"
    ],
    "content-hash": "23973a2c9eba29042f647344b585c977",
    "packages": [
        {
            "name": "josantonius/session",
            "version": "1.1.9",
            "source": {
                "type": "git",
                "url": "https://github.com/josantonius/php-session.git",
                "reference": "b393eb90c249ef0596e79e7cf9e5de39bad6fe91"
            },
            "dist": {
                "type": "zip",
                "url": "https://api.github.com/repos/josantonius/php-session/zipball/b393eb90c249ef0596e79e7cf9e5de39bad6fe91",
                "reference": "b393eb90c249ef0596e79e7cf9e5de39bad6fe91",
                "shasum": ""
            },
            "require": {
                "php": "^5.6 || ^7.0"
            },
            "require-dev": {
                "phpmd/phpmd": "^2.6",
                "phpunit/phpunit": "^5.7 || ^6.0",
                "squizlabs/php_codesniffer": "^3.7"
            },
            "type": "library",
            "extra": {
                "branch-alias": {
                    "dev-master": "1.0-dev"
                }
            },
            "autoload": {
                "psr-4": {
                    "Josantonius\\Session\\": "src/"
                }
            },
            "notification-url": "https://packagist.org/downloads/",
            "license": [
                "MIT"
            ],
            "authors": [
                {
                    "name": "Josantonius",
                    "email": "hello@josantonius.dev",
                    "homepage": "https://josantonius.dev",
                    "role": "Developer"
                }
            ],
            "description": "PHP library for handling sessions.",
            "keywords": [
                "php",
                "session"
            ],
            "support": {
                "forum": "http://stackoverflow.com/tags/josantonius/php-session",
                "issues": "https://github.com/josantonius/php-session/issues",
                "source": "https://github.com/josantonius/php-session"
            },
            "funding": [
                {
                    "url": "https://github.com/Josantonius",
                    "type": "github"
                }
            ],
            "time": "2022-06-21T11:31:18+00:00"
        },
        {
            "name": "thingengineer/mysqli-database-class",
            "version": "v2.9.3",
            "source": {
                "type": "git",
                "url": "https://github.com/ThingEngineer/PHP-MySQLi-Database-Class.git",
                "reference": "03dbce1c7f1c9def315ad8ef52e1f5c0a806d6ed"
            },
            "dist": {
                "type": "zip",
                "url": "https://api.github.com/repos/ThingEngineer/PHP-MySQLi-Database-Class/zipball/03dbce1c7f1c9def315ad8ef52e1f5c0a806d6ed",
                "reference": "03dbce1c7f1c9def315ad8ef52e1f5c0a806d6ed",
                "shasum": ""
            },
            "require": {
                "php": ">=5.3.0"
            },
            "type": "library",
            "autoload": {
                "files": [
                    "MysqliDb.php",
                    "dbObject.php"
                ]
            },
            "notification-url": "https://packagist.org/downloads/",
            "license": [
                "GPL-3.0-or-later"
            ],
            "authors": [
                {
                    "name": "Josh Campbell",
                    "email": "josh.lee.campbell@gmail.com",
                    "homepage": "https://github.com/thingengineer",
                    "role": "Developer"
                },
                {
                    "name": "Alexander V. Butenko",
                    "email": "a.butenka@gmail.com",
                    "homepage": "http://smarttechdo.com",
                    "role": "Developer"
                }
            ],
            "description": "PHP MySQL Wrapper and object mapper which utilizes MySQLi and prepared statements",
            "support": {
                "issues": "https://github.com/ThingEngineer/PHP-MySQLi-Database-Class/issues",
                "source": "https://github.com/ThingEngineer/PHP-MySQLi-Database-Class/tree/v2.9.3"
            },
            "time": "2019-08-24T09:28:56+00:00"
        },
        {
            "name": "verot/class.upload.php",
            "version": "2.1.1",
            "source": {
                "type": "git",
                "url": "https://github.com/verot/class.upload.php.git",
                "reference": "af33ccc9f5631ca343815c291875e6fd785f32e0"
            },
            "dist": {
                "type": "zip",
                "url": "https://api.github.com/repos/verot/class.upload.php/zipball/af33ccc9f5631ca343815c291875e6fd785f32e0",
                "reference": "af33ccc9f5631ca343815c291875e6fd785f32e0",
                "shasum": ""
            },
            "require": {
                "php": ">=5.3"
            },
            "type": "library",
            "autoload": {
                "classmap": [
                    "src/class.upload.php"
                ]
            },
            "notification-url": "https://packagist.org/downloads/",
            "license": [
                "GPL-2.0-only"
            ],
            "authors": [
                {
                    "name": "Colin Verot",
                    "email": "colin@verot.net"
                }
            ],
            "description": "This PHP class uploads files and manipulates images very easily.",
            "homepage": "http://www.verot.net/php_class_upload.htm",
            "keywords": [
                "gd",
                "upload"
            ],
            "support": {
                "email": "colin@verot.net",
                "issues": "https://github.com/verot/class.upload.php/issues",
                "source": "https://github.com/verot/class.upload.php/tree/2.1.1"
            },
            "time": "2022-06-13T12:30:13+00:00"
        }
    ],
    "packages-dev": [],
    "aliases": [],
    "minimum-stability": "stable",
    "stability-flags": [],
    "prefer-stable": false,
    "prefer-lowest": false,
    "platform": [],
    "platform-dev": [],
    "plugin-api-version": "2.3.0"
}
